
Microsoft Visual Studio Solution File, Format Version 12.00
# Visual Studio Version 17
VisualStudioVersion = 17.0.31903.59
MinimumVisualStudioVersion = 10.0.40219.1
Project("{2150E333-8FDC-42A3-9474-1A3956D46DE8}") = "src", "src", "{0BE178ED-F9EC-4A7A-9D17-93E2151B3AEC}"
EndProject
Project("{9A19103F-16F7-4668-BE54-9A1E7A4F7556}") = "SneakerCollection.API", "src\SneakerCollection.API\SneakerCollection.API.csproj", "{1AEC966C-B4F1-4D3B-81DA-A60A4B3E10C5}"
EndProject
Project("{9A19103F-16F7-4668-BE54-9A1E7A4F7556}") = "SneakerCollection.Application", "src\SneakerCollection.Application\SneakerCollection.Application.csproj", "{6809D4EF-DE52-49CD-9E01-8990F617F021}"
EndProject
Project("{9A19103F-16F7-4668-BE54-9A1E7A4F7556}") = "SneakerCollection.Contracts", "src\SneakerCollection.Contracts\SneakerCollection.Contracts.csproj", "{45A381F5-EF92-4D18-A144-900A75F1508A}"
EndProject
Project("{9A19103F-16F7-4668-BE54-9A1E7A4F7556}") = "SneakerCollection.Domain", "src\SneakerCollection.Domain\SneakerCollection.Domain.csproj", "{2AC8C89E-1F16-46BD-9FD1-20A4FE01E6C0}"
EndProject
Project("{9A19103F-16F7-4668-BE54-9A1E7A4F7556}") = "SneakerCollection.Infrastructure", "src\SneakerCollection.Infrastructure\SneakerCollection.Infrastructure.csproj", "{FB9AB613-6AE5-41D9-8839-184B98E38987}"
EndProject
Project("{2150E333-8FDC-42A3-9474-1A3956D46DE8}") = "tests", "tests", "{9234129D-40A1-4749-8ED7-DC28B7C357E8}"
EndProject
Project("{9A19103F-16F7-4668-BE54-9A1E7A4F7556}") = "SneakerCollection.Application.Tests", "tests\SneakerCollection.Application.Tests\SneakerCollection.Application.Tests.csproj", "{5364E8C4-B5E2-4B2C-AAD6-E136BD9D29C1}"
EndProject
Project("{9A19103F-16F7-4668-BE54-9A1E7A4F7556}") = "SneakerCollection.Domain.Tests", "tests\SneakerCollection.Domain.Tests\SneakerCollection.Domain.Tests.csproj", "{25226285-6962-4A8C-96A4-AF42711BE3C9}"
EndProject
Project("{9A19103F-16F7-4668-BE54-9A1E7A4F7556}") = "SneakerCollection.Infrastructure.Tests", "tests\SneakerCollection.Infrastructure.Tests\SneakerCollection.Infrastructure.Tests.csproj", "{F249EE35-5EE1-49A0-8933-FE1B42E63C3C}"
EndProject
Project("{2150E333-8FDC-42A3-9474-1A3956D46DE8}") = "Requests", "Requests", "{722184AF-39A9-4E32-8B48-F37F20FBF1DD}"
EndProject
Project("{2150E333-8FDC-42A3-9474-1A3956D46DE8}") = "Authentication", "Authentication", "{8163F271-219B-4D49-A2F5-59D2C9DE5300}"
	ProjectSection(SolutionItems) = preProject
		Requests\Authentication\Login.http = Requests\Authentication\Login.http
		Requests\Authentication\Register.http = Requests\Authentication\Register.http
	EndProjectSection
EndProject
Project("{2150E333-8FDC-42A3-9474-1A3956D46DE8}") = "Sneakers", "Sneakers", "{A13CA089-94F3-4BB3-8AC1-47405C5E12D1}"
	ProjectSection(SolutionItems) = preProject
		Requests\Sneakers\CreateSneaker.http = Requests\Sneakers\CreateSneaker.http
		Requests\Sneakers\DeleteSneaker.http = Requests\Sneakers\DeleteSneaker.http
		Requests\Sneakers\GetSneakerById.http = Requests\Sneakers\GetSneakerById.http
		Requests\Sneakers\ListSneakers.http = Requests\Sneakers\ListSneakers.http
		Requests\Sneakers\PatchSneaker.http = Requests\Sneakers\PatchSneaker.http
		Requests\Sneakers\PutSneaker.http = Requests\Sneakers\PutSneaker.http
	EndProjectSection
EndProject
Project("{2150E333-8FDC-42A3-9474-1A3956D46DE8}") = "Solution Items", "Solution Items", "{4DBDC028-0BF1-44F1-B1E1-B0076C1922A0}"
	ProjectSection(SolutionItems) = preProject
		README.md = README.md
	EndProjectSection
EndProject
Global
	GlobalSection(SolutionConfigurationPlatforms) = preSolution
		Debug|Any CPU = Debug|Any CPU
		Release|Any CPU = Release|Any CPU
	EndGlobalSection
	GlobalSection(ProjectConfigurationPlatforms) = postSolution
		{1AEC966C-B4F1-4D3B-81DA-A60A4B3E10C5}.Debug|Any CPU.ActiveCfg = Debug|Any CPU
		{1AEC966C-B4F1-4D3B-81DA-A60A4B3E10C5}.Debug|Any CPU.Build.0 = Debug|Any CPU
		{1AEC966C-B4F1-4D3B-81DA-A60A4B3E10C5}.Release|Any CPU.ActiveCfg = Release|Any CPU
		{1AEC966C-B4F1-4D3B-81DA-A60A4B3E10C5}.Release|Any CPU.Build.0 = Release|Any CPU
		{6809D4EF-DE52-49CD-9E01-8990F617F021}.Debug|Any CPU.ActiveCfg = Debug|Any CPU
		{6809D4EF-DE52-49CD-9E01-8990F617F021}.Debug|Any CPU.Build.0 = Debug|Any CPU
		{6809D4EF-DE52-49CD-9E01-8990F617F021}.Release|Any CPU.ActiveCfg = Release|Any CPU
		{6809D4EF-DE52-49CD-9E01-8990F617F021}.Release|Any CPU.Build.0 = Release|Any CPU
		{45A381F5-EF92-4D18-A144-900A75F1508A}.Debug|Any CPU.ActiveCfg = Debug|Any CPU
		{45A381F5-EF92-4D18-A144-900A75F1508A}.Debug|Any CPU.Build.0 = Debug|Any CPU
		{45A381F5-EF92-4D18-A144-900A75F1508A}.Release|Any CPU.ActiveCfg = Release|Any CPU
		{45A381F5-EF92-4D18-A144-900A75F1508A}.Release|Any CPU.Build.0 = Release|Any CPU
		{2AC8C89E-1F16-46BD-9FD1-20A4FE01E6C0}.Debug|Any CPU.ActiveCfg = Debug|Any CPU
		{2AC8C89E-1F16-46BD-9FD1-20A4FE01E6C0}.Debug|Any CPU.Build.0 = Debug|Any CPU
		{2AC8C89E-1F16-46BD-9FD1-20A4FE01E6C0}.Release|Any CPU.ActiveCfg = Release|Any CPU
		{2AC8C89E-1F16-46BD-9FD1-20A4FE01E6C0}.Release|Any CPU.Build.0 = Release|Any CPU
		{FB9AB613-6AE5-41D9-8839-184B98E38987}.Debug|Any CPU.ActiveCfg = Debug|Any CPU
		{FB9AB613-6AE5-41D9-8839-184B98E38987}.Debug|Any CPU.Build.0 = Debug|Any CPU
		{FB9AB613-6AE5-41D9-8839-184B98E38987}.Release|Any CPU.ActiveCfg = Release|Any CPU
		{FB9AB613-6AE5-41D9-8839-184B98E38987}.Release|Any CPU.Build.0 = Release|Any CPU
		{5364E8C4-B5E2-4B2C-AAD6-E136BD9D29C1}.Debug|Any CPU.ActiveCfg = Debug|Any CPU
		{5364E8C4-B5E2-4B2C-AAD6-E136BD9D29C1}.Debug|Any CPU.Build.0 = Debug|Any CPU
		{5364E8C4-B5E2-4B2C-AAD6-E136BD9D29C1}.Release|Any CPU.ActiveCfg = Release|Any CPU
		{5364E8C4-B5E2-4B2C-AAD6-E136BD9D29C1}.Release|Any CPU.Build.0 = Release|Any CPU
		{25226285-6962-4A8C-96A4-AF42711BE3C9}.Debug|Any CPU.ActiveCfg = Debug|Any CPU
		{25226285-6962-4A8C-96A4-AF42711BE3C9}.Debug|Any CPU.Build.0 = Debug|Any CPU
		{25226285-6962-4A8C-96A4-AF42711BE3C9}.Release|Any CPU.ActiveCfg = Release|Any CPU
		{25226285-6962-4A8C-96A4-AF42711BE3C9}.Release|Any CPU.Build.0 = Release|Any CPU
		{F249EE35-5EE1-49A0-8933-FE1B42E63C3C}.Debug|Any CPU.ActiveCfg = Debug|Any CPU
		{F249EE35-5EE1-49A0-8933-FE1B42E63C3C}.Debug|Any CPU.Build.0 = Debug|Any CPU
		{F249EE35-5EE1-49A0-8933-FE1B42E63C3C}.Release|Any CPU.ActiveCfg = Release|Any CPU
		{F249EE35-5EE1-49A0-8933-FE1B42E63C3C}.Release|Any CPU.Build.0 = Release|Any CPU
	EndGlobalSection
	GlobalSection(SolutionProperties) = preSolution
		HideSolutionNode = FALSE
	EndGlobalSection
	GlobalSection(NestedProjects) = preSolution
		{1AEC966C-B4F1-4D3B-81DA-A60A4B3E10C5} = {0BE178ED-F9EC-4A7A-9D17-93E2151B3AEC}
		{6809D4EF-DE52-49CD-9E01-8990F617F021} = {0BE178ED-F9EC-4A7A-9D17-93E2151B3AEC}
		{45A381F5-EF92-4D18-A144-900A75F1508A} = {0BE178ED-F9EC-4A7A-9D17-93E2151B3AEC}
		{2AC8C89E-1F16-46BD-9FD1-20A4FE01E6C0} = {0BE178ED-F9EC-4A7A-9D17-93E2151B3AEC}
		{FB9AB613-6AE5-41D9-8839-184B98E38987} = {0BE178ED-F9EC-4A7A-9D17-93E2151B3AEC}
		{5364E8C4-B5E2-4B2C-AAD6-E136BD9D29C1} = {9234129D-40A1-4749-8ED7-DC28B7C357E8}
		{25226285-6962-4A8C-96A4-AF42711BE3C9} = {9234129D-40A1-4749-8ED7-DC28B7C357E8}
		{F249EE35-5EE1-49A0-8933-FE1B42E63C3C} = {9234129D-40A1-4749-8ED7-DC28B7C357E8}
		{8163F271-219B-4D49-A2F5-59D2C9DE5300} = {722184AF-39A9-4E32-8B48-F37F20FBF1DD}
		{A13CA089-94F3-4BB3-8AC1-47405C5E12D1} = {722184AF-39A9-4E32-8B48-F37F20FBF1DD}
	EndGlobalSection
	GlobalSection(ExtensibilityGlobals) = postSolution
		SolutionGuid = {1EAB83D9-BB2E-4CE0-AC4B-8E40EC6EAB6A}
	EndGlobalSection
EndGlobal
